
Microsoft Visual Studio Solution File, Format Version 12.00
# Visual Studio Version 17
VisualStudioVersion = 17.14.36301.6
MinimumVisualStudioVersion = 10.0.40219.1
Project("{FAE04EC0-301F-11D3-BF4B-00C04F79EFBC}") = "FizzBuzz", "FizzBuzz\FizzBuzz.csproj", "{52AF3AD0-9C44-4B70-94EA-84A12A15F7A9}"
EndProject
Project("{FAE04EC0-301F-11D3-BF4B-00C04F79EFBC}") = "FizzBuzzNUnitTests", "FizzBuzzNUnitTests\FizzBuzzNUnitTests.csproj", "{BF85BE13-8553-4036-9C06-04D1DDD8143B}"
EndProject
Global
	GlobalSection(SolutionConfigurationPlatforms) = preSolution
		Debug|Any CPU = Debug|Any CPU
		Release|Any CPU = Release|Any CPU
	EndGlobalSection
	GlobalSection(ProjectConfigurationPlatforms) = postSolution
		{52AF3AD0-9C44-4B70-94EA-84A12A15F7A9}.Debug|Any CPU.ActiveCfg = Debug|Any CPU
		{52AF3AD0-9C44-4B70-94EA-84A12A15F7A9}.Debug|Any CPU.Build.0 = Debug|Any CPU
		{52AF3AD0-9C44-4B70-94EA-84A12A15F7A9}.Release|Any CPU.ActiveCfg = Release|Any CPU
		{52AF3AD0-9C44-4B70-94EA-84A12A15F7A9}.Release|Any CPU.Build.0 = Release|Any CPU
		{BF85BE13-8553-4036-9C06-04D1DDD8143B}.Debug|Any CPU.ActiveCfg = Debug|Any CPU
		{BF85BE13-8553-4036-9C06-04D1DDD8143B}.Debug|Any CPU.Build.0 = Debug|Any CPU
		{BF85BE13-8553-4036-9C06-04D1DDD8143B}.Release|Any CPU.ActiveCfg = Release|Any CPU
		{BF85BE13-8553-4036-9C06-04D1DDD8143B}.Release|Any CPU.Build.0 = Release|Any CPU
	EndGlobalSection
	GlobalSection(SolutionProperties) = preSolution
		HideSolutionNode = FALSE
	EndGlobalSection
	GlobalSection(ExtensibilityGlobals) = postSolution
		SolutionGuid = {50108827-A780-4433-A462-1A79912C2EE4}
	EndGlobalSection
EndGlobal
